
Microsoft Visual Studio Solution File, Format Version 12.00
# Visual Studio 15
VisualStudioVersion = 15.0.28010.2026
MinimumVisualStudioVersion = 10.0.40219.1
Project("{FAE04EC0-301F-11D3-BF4B-00C04F79EFBC}") = "SIS.WebServer", "WebServer.SIS\SIS.WebServer.csproj", "{43C82D16-050D-4D9E-B411-931F56DF0B80}"
EndProject
Project("{FAE04EC0-301F-11D3-BF4B-00C04F79EFBC}") = "SIS.Http", "SIS.Http\SIS.Http.csproj", "{5DC1C685-D2FF-4A77-8EA8-737582317CD5}"
EndProject
Project("{FAE04EC0-301F-11D3-BF4B-00C04F79EFBC}") = "SIS.Demo", "SIS.Demo\SIS.Demo.csproj", "{2B70D1A7-8051-4EAA-8865-CBF9971D70DF}"
EndProject
Global
	GlobalSection(SolutionConfigurationPlatforms) = preSolution
		Debug|Any CPU = Debug|Any CPU
		Release|Any CPU = Release|Any CPU
	EndGlobalSection
	GlobalSection(ProjectConfigurationPlatforms) = postSolution
		{43C82D16-050D-4D9E-B411-931F56DF0B80}.Debug|Any CPU.ActiveCfg = Debug|Any CPU
		{43C82D16-050D-4D9E-B411-931F56DF0B80}.Debug|Any CPU.Build.0 = Debug|Any CPU
		{43C82D16-050D-4D9E-B411-931F56DF0B80}.Release|Any CPU.ActiveCfg = Release|Any CPU
		{43C82D16-050D-4D9E-B411-931F56DF0B80}.Release|Any CPU.Build.0 = Release|Any CPU
		{5DC1C685-D2FF-4A77-8EA8-737582317CD5}.Debug|Any CPU.ActiveCfg = Debug|Any CPU
		{5DC1C685-D2FF-4A77-8EA8-737582317CD5}.Debug|Any CPU.Build.0 = Debug|Any CPU
		{5DC1C685-D2FF-4A77-8EA8-737582317CD5}.Release|Any CPU.ActiveCfg = Release|Any CPU
		{5DC1C685-D2FF-4A77-8EA8-737582317CD5}.Release|Any CPU.Build.0 = Release|Any CPU
		{2B70D1A7-8051-4EAA-8865-CBF9971D70DF}.Debug|Any CPU.ActiveCfg = Debug|Any CPU
		{2B70D1A7-8051-4EAA-8865-CBF9971D70DF}.Debug|Any CPU.Build.0 = Debug|Any CPU
		{2B70D1A7-8051-4EAA-8865-CBF9971D70DF}.Release|Any CPU.ActiveCfg = Release|Any CPU
		{2B70D1A7-8051-4EAA-8865-CBF9971D70DF}.Release|Any CPU.Build.0 = Release|Any CPU
	EndGlobalSection
	GlobalSection(SolutionProperties) = preSolution
		HideSolutionNode = FALSE
	EndGlobalSection
	GlobalSection(ExtensibilityGlobals) = postSolution
		SolutionGuid = {D339E9D5-9892-43C0-86F4-1C73430FC75F}
	EndGlobalSection
EndGlobal
