
Microsoft Visual Studio Solution File, Format Version 12.00
# Visual Studio 15
VisualStudioVersion = 15.0.26730.16
MinimumVisualStudioVersion = 10.0.40219.1
Project("{9A19103F-16F7-4668-BE54-9A1E7A4F7556}") = "WebServer", "WebServer\WebServer.csproj", "{72911109-BEDB-43A3-9747-05BE33389BD1}"
EndProject
Project("{9A19103F-16F7-4668-BE54-9A1E7A4F7556}") = "SimpleMvcFramework", "SimpleMvcFramework\SimpleMvcFramework.csproj", "{9051825B-0C16-4D2D-BC13-CC5AC6ED9842}"
EndProject
Project("{9A19103F-16F7-4668-BE54-9A1E7A4F7556}") = "SimpleMvc.App", "SimpleMvc.App\SimpleMvc.App.csproj", "{CE8AAEAD-20DA-41C0-80B3-CA5FCBAE0A6E}"
EndProject
Project("{9A19103F-16F7-4668-BE54-9A1E7A4F7556}") = "SIS.WebServer", "..\..\SIS-master\SIS-master\src\SIS.WebServer\SIS.WebServer.csproj", "{774AF9F6-7875-4821-93CC-B5163125D56C}"
EndProject
Global
	GlobalSection(SolutionConfigurationPlatforms) = preSolution
		Debug|Any CPU = Debug|Any CPU
		Release|Any CPU = Release|Any CPU
	EndGlobalSection
	GlobalSection(ProjectConfigurationPlatforms) = postSolution
		{72911109-BEDB-43A3-9747-05BE33389BD1}.Debug|Any CPU.ActiveCfg = Debug|Any CPU
		{72911109-BEDB-43A3-9747-05BE33389BD1}.Debug|Any CPU.Build.0 = Debug|Any CPU
		{72911109-BEDB-43A3-9747-05BE33389BD1}.Release|Any CPU.ActiveCfg = Release|Any CPU
		{72911109-BEDB-43A3-9747-05BE33389BD1}.Release|Any CPU.Build.0 = Release|Any CPU
		{9051825B-0C16-4D2D-BC13-CC5AC6ED9842}.Debug|Any CPU.ActiveCfg = Debug|Any CPU
		{9051825B-0C16-4D2D-BC13-CC5AC6ED9842}.Debug|Any CPU.Build.0 = Debug|Any CPU
		{9051825B-0C16-4D2D-BC13-CC5AC6ED9842}.Release|Any CPU.ActiveCfg = Release|Any CPU
		{9051825B-0C16-4D2D-BC13-CC5AC6ED9842}.Release|Any CPU.Build.0 = Release|Any CPU
		{CE8AAEAD-20DA-41C0-80B3-CA5FCBAE0A6E}.Debug|Any CPU.ActiveCfg = Debug|Any CPU
		{CE8AAEAD-20DA-41C0-80B3-CA5FCBAE0A6E}.Debug|Any CPU.Build.0 = Debug|Any CPU
		{CE8AAEAD-20DA-41C0-80B3-CA5FCBAE0A6E}.Release|Any CPU.ActiveCfg = Release|Any CPU
		{CE8AAEAD-20DA-41C0-80B3-CA5FCBAE0A6E}.Release|Any CPU.Build.0 = Release|Any CPU
		{774AF9F6-7875-4821-93CC-B5163125D56C}.Debug|Any CPU.ActiveCfg = Debug|Any CPU
		{774AF9F6-7875-4821-93CC-B5163125D56C}.Debug|Any CPU.Build.0 = Debug|Any CPU
		{774AF9F6-7875-4821-93CC-B5163125D56C}.Release|Any CPU.ActiveCfg = Release|Any CPU
		{774AF9F6-7875-4821-93CC-B5163125D56C}.Release|Any CPU.Build.0 = Release|Any CPU
	EndGlobalSection
	GlobalSection(SolutionProperties) = preSolution
		HideSolutionNode = FALSE
	EndGlobalSection
	GlobalSection(ExtensibilityGlobals) = postSolution
		SolutionGuid = {3ABA898C-743A-4BCB-94FE-871C34896B4B}
	EndGlobalSection
EndGlobal
