
Microsoft Visual Studio Solution File, Format Version 12.00
# Visual Studio 15
VisualStudioVersion = 15.0.28010.2003
MinimumVisualStudioVersion = 10.0.40219.1
Project("{9A19103F-16F7-4668-BE54-9A1E7A4F7556}") = "SIS.HTTP", "SIS.HTTP\SIS.HTTP.csproj", "{9C8ADFD1-16AE-4365-A160-A1C6091A0509}"
EndProject
Project("{9A19103F-16F7-4668-BE54-9A1E7A4F7556}") = "SIS.MvcFramework", "SIS.MvcFramework\SIS.MvcFramework.csproj", "{C58E0CAA-C56F-4DD0-9271-C2562A2FFDFD}"
EndProject
Project("{9A19103F-16F7-4668-BE54-9A1E7A4F7556}") = "MishMash", "MishMash\MishMash.csproj", "{D402EA19-354D-469C-864D-5D43700B77C7}"
EndProject
Project("{9A19103F-16F7-4668-BE54-9A1E7A4F7556}") = "Turshia", "Turshia\Turshia.csproj", "{37000558-0C29-4E38-905C-F537CF89FB70}"
EndProject
Project("{9A19103F-16F7-4668-BE54-9A1E7A4F7556}") = "Chushka", "Chushka\Chushka.csproj", "{8CB8BB3E-5A0C-4FAB-9AB6-07E374915D09}"
EndProject
Project("{9A19103F-16F7-4668-BE54-9A1E7A4F7556}") = "SIS.WebServer", "SIS.WebServer\SIS.WebServer.csproj", "{7496AFB9-E7CE-42C6-9031-441C331A5E79}"
EndProject
Global
	GlobalSection(SolutionConfigurationPlatforms) = preSolution
		Debug|Any CPU = Debug|Any CPU
		Release|Any CPU = Release|Any CPU
	EndGlobalSection
	GlobalSection(ProjectConfigurationPlatforms) = postSolution
		{9C8ADFD1-16AE-4365-A160-A1C6091A0509}.Debug|Any CPU.ActiveCfg = Debug|Any CPU
		{9C8ADFD1-16AE-4365-A160-A1C6091A0509}.Debug|Any CPU.Build.0 = Debug|Any CPU
		{9C8ADFD1-16AE-4365-A160-A1C6091A0509}.Release|Any CPU.ActiveCfg = Release|Any CPU
		{9C8ADFD1-16AE-4365-A160-A1C6091A0509}.Release|Any CPU.Build.0 = Release|Any CPU
		{C58E0CAA-C56F-4DD0-9271-C2562A2FFDFD}.Debug|Any CPU.ActiveCfg = Debug|Any CPU
		{C58E0CAA-C56F-4DD0-9271-C2562A2FFDFD}.Debug|Any CPU.Build.0 = Debug|Any CPU
		{C58E0CAA-C56F-4DD0-9271-C2562A2FFDFD}.Release|Any CPU.ActiveCfg = Release|Any CPU
		{C58E0CAA-C56F-4DD0-9271-C2562A2FFDFD}.Release|Any CPU.Build.0 = Release|Any CPU
		{D402EA19-354D-469C-864D-5D43700B77C7}.Debug|Any CPU.ActiveCfg = Debug|Any CPU
		{D402EA19-354D-469C-864D-5D43700B77C7}.Debug|Any CPU.Build.0 = Debug|Any CPU
		{D402EA19-354D-469C-864D-5D43700B77C7}.Release|Any CPU.ActiveCfg = Release|Any CPU
		{D402EA19-354D-469C-864D-5D43700B77C7}.Release|Any CPU.Build.0 = Release|Any CPU
		{37000558-0C29-4E38-905C-F537CF89FB70}.Debug|Any CPU.ActiveCfg = Debug|Any CPU
		{37000558-0C29-4E38-905C-F537CF89FB70}.Debug|Any CPU.Build.0 = Debug|Any CPU
		{37000558-0C29-4E38-905C-F537CF89FB70}.Release|Any CPU.ActiveCfg = Release|Any CPU
		{37000558-0C29-4E38-905C-F537CF89FB70}.Release|Any CPU.Build.0 = Release|Any CPU
		{8CB8BB3E-5A0C-4FAB-9AB6-07E374915D09}.Debug|Any CPU.ActiveCfg = Debug|Any CPU
		{8CB8BB3E-5A0C-4FAB-9AB6-07E374915D09}.Debug|Any CPU.Build.0 = Debug|Any CPU
		{8CB8BB3E-5A0C-4FAB-9AB6-07E374915D09}.Release|Any CPU.ActiveCfg = Release|Any CPU
		{8CB8BB3E-5A0C-4FAB-9AB6-07E374915D09}.Release|Any CPU.Build.0 = Release|Any CPU
		{7496AFB9-E7CE-42C6-9031-441C331A5E79}.Debug|Any CPU.ActiveCfg = Debug|Any CPU
		{7496AFB9-E7CE-42C6-9031-441C331A5E79}.Debug|Any CPU.Build.0 = Debug|Any CPU
		{7496AFB9-E7CE-42C6-9031-441C331A5E79}.Release|Any CPU.ActiveCfg = Release|Any CPU
		{7496AFB9-E7CE-42C6-9031-441C331A5E79}.Release|Any CPU.Build.0 = Release|Any CPU
	EndGlobalSection
	GlobalSection(SolutionProperties) = preSolution
		HideSolutionNode = FALSE
	EndGlobalSection
	GlobalSection(ExtensibilityGlobals) = postSolution
		SolutionGuid = {7DDABD09-DCFC-4DD2-996C-EDD241D1D1F0}
	EndGlobalSection
EndGlobal
